// !$*UTF8*$!
{
	archiveVersion = 1;
	classes = {
	};
	objectVersion = 77;
	objects = {

/* Begin PBXBuildFile section */
		AA000001AA000001AA000001 /* FamilyControls.framework in Frameworks */ = {isa = PBXBuildFile; fileRef = BF53DC442F49D20100423F77 /* FamilyControls.framework */; };
		AA000002AA000002AA000002 /* FamilyControls.framework in Frameworks */ = {isa = PBXBuildFile; fileRef = BF53DC442F49D20100423F77 /* FamilyControls.framework */; };
		AA000010AA000010AA000010 /* ScreenTimeMonitor.appex in Embed Foundation Extensions */ = {isa = PBXBuildFile; fileRef = AA000003AA000003AA000003 /* ScreenTimeMonitor.appex */; settings = {ATTRIBUTES = (RemoveHeadersOnCopy, ); }; };
		AA000011AA000011AA000011 /* ScreenTimeReport.appex in Embed Foundation Extensions */ = {isa = PBXBuildFile; fileRef = AA000004AA000004AA000004 /* ScreenTimeReport.appex */; settings = {ATTRIBUTES = (RemoveHeadersOnCopy, ); }; };
		AB100001AB100001AB100001 /* WellPlateWidget.appex in Embed Foundation Extensions */ = {isa = PBXBuildFile; fileRef = AB100004AB100004AB100004 /* WellPlateWidget.appex */; settings = {ATTRIBUTES = (RemoveHeadersOnCopy, ); }; };
		AB100002AB100002AB100002 /* SharedStressData.swift in Sources */ = {isa = PBXBuildFile; fileRef = AB100005AB100005AB100005 /* SharedStressData.swift */; };
		F7FA0002F7FA0002F7FA0002 /* FastingActivityAttributes.swift in Sources */ = {isa = PBXBuildFile; fileRef = F7FA0001F7FA0001F7FA0001 /* FastingActivityAttributes.swift */; };
		F7BA0002F7BA0002F7BA0002 /* BreathingActivityAttributes.swift in Sources */ = {isa = PBXBuildFile; fileRef = F7BA0001F7BA0001F7BA0001 /* BreathingActivityAttributes.swift */; };
		BF53DC452F49D20100423F77 /* FamilyControls.framework in Frameworks */ = {isa = PBXBuildFile; fileRef = BF53DC442F49D20100423F77 /* FamilyControls.framework */; };
		BF53DC472F49D20600423F77 /* ScreenTime.framework in Frameworks */ = {isa = PBXBuildFile; fileRef = BF53DC462F49D20600423F77 /* ScreenTime.framework */; };
		BF76276B2F49170700984E8E /* HealthKit.framework in Frameworks */ = {isa = PBXBuildFile; fileRef = BF76276A2F49170700984E8E /* HealthKit.framework */; };
		BF76276D2F49170F00984E8E /* HealthKitUI.framework in Frameworks */ = {isa = PBXBuildFile; fileRef = BF76276C2F49170F00984E8E /* HealthKitUI.framework */; };
		BF9000022F70000100984E8E /* Speech.framework in Frameworks */ = {isa = PBXBuildFile; fileRef = BF9000012F70000100984E8E /* Speech.framework */; };
/* End PBXBuildFile section */

/* Begin PBXContainerItemProxy section */
		AA00001BAA00001BAA00001B /* PBXContainerItemProxy */ = {
			isa = PBXContainerItemProxy;
			containerPortal = BFD33EBA2F27DF8100D93897 /* Project object */;
			proxyType = 1;
			remoteGlobalIDString = AA000015AA000015AA000015;
			remoteInfo = ScreenTimeMonitor;
		};
		AA00001CAA00001CAA00001C /* PBXContainerItemProxy */ = {
			isa = PBXContainerItemProxy;
			containerPortal = BFD33EBA2F27DF8100D93897 /* Project object */;
			proxyType = 1;
			remoteGlobalIDString = AA000018AA000018AA000018;
			remoteInfo = ScreenTimeReport;
		};
		AB100003AB100003AB100003 /* PBXContainerItemProxy */ = {
			isa = PBXContainerItemProxy;
			containerPortal = BFD33EBA2F27DF8100D93897 /* Project object */;
			proxyType = 1;
			remoteGlobalIDString = AB100009AB100009AB100009;
			remoteInfo = WellPlateWidget;
		};
/* End PBXContainerItemProxy section */

/* Begin PBXCopyFilesBuildPhase section */
		AA000012AA000012AA000012 /* Embed Foundation Extensions */ = {
			isa = PBXCopyFilesBuildPhase;
			buildActionMask = 2147483647;
			dstPath = "";
			dstSubfolderSpec = 13;
			files = (
				AA000010AA000010AA000010 /* ScreenTimeMonitor.appex in Embed Foundation Extensions */,
				AA000011AA000011AA000011 /* ScreenTimeReport.appex in Embed Foundation Extensions */,
				AB100001AB100001AB100001 /* WellPlateWidget.appex in Embed Foundation Extensions */,
			);
			name = "Embed Foundation Extensions";
			runOnlyForDeploymentPostprocessing = 0;
		};
/* End PBXCopyFilesBuildPhase section */

/* Begin PBXFileReference section */
		AA000003AA000003AA000003 /* ScreenTimeMonitor.appex */ = {isa = PBXFileReference; explicitFileType = "wrapper.app-extension"; includeInIndex = 0; path = ScreenTimeMonitor.appex; sourceTree = BUILT_PRODUCTS_DIR; };
		AA000004AA000004AA000004 /* ScreenTimeReport.appex */ = {isa = PBXFileReference; explicitFileType = "wrapper.app-extension"; includeInIndex = 0; path = ScreenTimeReport.appex; sourceTree = BUILT_PRODUCTS_DIR; };
		AB100004AB100004AB100004 /* WellPlateWidget.appex */ = {isa = PBXFileReference; explicitFileType = "wrapper.app-extension"; includeInIndex = 0; path = WellPlateWidget.appex; sourceTree = BUILT_PRODUCTS_DIR; };
		AB100005AB100005AB100005 /* SharedStressData.swift */ = {isa = PBXFileReference; lastKnownFileType = sourcecode.swift; name = SharedStressData.swift; path = WellPlate/Widgets/SharedStressData.swift; sourceTree = SOURCE_ROOT; };
		F7FA0001F7FA0001F7FA0001 /* FastingActivityAttributes.swift */ = {isa = PBXFileReference; lastKnownFileType = sourcecode.swift; name = FastingActivityAttributes.swift; path = WellPlate/Widgets/FastingActivityAttributes.swift; sourceTree = SOURCE_ROOT; };
		F7BA0001F7BA0001F7BA0001 /* BreathingActivityAttributes.swift */ = {isa = PBXFileReference; lastKnownFileType = sourcecode.swift; name = BreathingActivityAttributes.swift; path = WellPlate/Widgets/BreathingActivityAttributes.swift; sourceTree = SOURCE_ROOT; };
		BF53DC442F49D20100423F77 /* FamilyControls.framework */ = {isa = PBXFileReference; lastKnownFileType = wrapper.framework; name = FamilyControls.framework; path = System/Library/Frameworks/FamilyControls.framework; sourceTree = SDKROOT; };
		BF53DC462F49D20600423F77 /* ScreenTime.framework */ = {isa = PBXFileReference; lastKnownFileType = wrapper.framework; name = ScreenTime.framework; path = System/Library/Frameworks/ScreenTime.framework; sourceTree = SDKROOT; };
		BF76276A2F49170700984E8E /* HealthKit.framework */ = {isa = PBXFileReference; lastKnownFileType = wrapper.framework; name = HealthKit.framework; path = System/Library/Frameworks/HealthKit.framework; sourceTree = SDKROOT; };
		BF76276C2F49170F00984E8E /* HealthKitUI.framework */ = {isa = PBXFileReference; lastKnownFileType = wrapper.framework; name = HealthKitUI.framework; path = System/Library/Frameworks/HealthKitUI.framework; sourceTree = SDKROOT; };
		BF9000012F70000100984E8E /* Speech.framework */ = {isa = PBXFileReference; lastKnownFileType = wrapper.framework; name = Speech.framework; path = System/Library/Frameworks/Speech.framework; sourceTree = SDKROOT; };
		BFD33EC22F27DF8100D93897 /* WellPlate.app */ = {isa = PBXFileReference; explicitFileType = wrapper.application; includeInIndex = 0; path = WellPlate.app; sourceTree = BUILT_PRODUCTS_DIR; };
/* End PBXFileReference section */

/* Begin PBXFileSystemSynchronizedBuildFileExceptionSet section */
		AB100020AB100020AB100020 /* Exceptions for "WellPlateWidget" folder in "WellPlateWidget" target */ = {
			isa = PBXFileSystemSynchronizedBuildFileExceptionSet;
			membershipExceptions = (
				Info.plist,
			);
			target = AB100009AB100009AB100009 /* WellPlateWidget */;
		};
		BF2307162F49DA26008F7FCF /* Exceptions for "ScreenTimeReport" folder in "ScreenTimeReport" target */ = {
			isa = PBXFileSystemSynchronizedBuildFileExceptionSet;
			membershipExceptions = (
				Info.plist,
			);
			target = AA000018AA000018AA000018 /* ScreenTimeReport */;
		};
		BF53DD062F49D83F00423F77 /* Exceptions for "ScreenTimeMonitor" folder in "ScreenTimeMonitor" target */ = {
			isa = PBXFileSystemSynchronizedBuildFileExceptionSet;
			membershipExceptions = (
				Info.plist,
			);
			target = AA000015AA000015AA000015 /* ScreenTimeMonitor */;
		};
/* End PBXFileSystemSynchronizedBuildFileExceptionSet section */

/* Begin PBXFileSystemSynchronizedRootGroup section */
		AA000005AA000005AA000005 /* ScreenTimeMonitor */ = {
			isa = PBXFileSystemSynchronizedRootGroup;
			exceptions = (
				BF53DD062F49D83F00423F77 /* Exceptions for "ScreenTimeMonitor" folder in "ScreenTimeMonitor" target */,
			);
			path = ScreenTimeMonitor;
			sourceTree = "<group>";
		};
		AA000006AA000006AA000006 /* ScreenTimeReport */ = {
			isa = PBXFileSystemSynchronizedRootGroup;
			exceptions = (
				BF2307162F49DA26008F7FCF /* Exceptions for "ScreenTimeReport" folder in "ScreenTimeReport" target */,
			);
			path = ScreenTimeReport;
			sourceTree = "<group>";
		};
		AB100007AB100007AB100007 /* WellPlateWidget */ = {
			isa = PBXFileSystemSynchronizedRootGroup;
			exceptions = (
				AB100020AB100020AB100020 /* Exceptions for "WellPlateWidget" folder in "WellPlateWidget" target */,
			);
			path = WellPlateWidget;
			sourceTree = "<group>";
		};
		BFD33EC42F27DF8100D93897 /* WellPlate */ = {
			isa = PBXFileSystemSynchronizedRootGroup;
			path = WellPlate;
			sourceTree = "<group>";
		};
/* End PBXFileSystemSynchronizedRootGroup section */

/* Begin PBXFrameworksBuildPhase section */
		AA000007AA000007AA000007 /* Frameworks */ = {
			isa = PBXFrameworksBuildPhase;
			buildActionMask = 2147483647;
			files = (
				AA000001AA000001AA000001 /* FamilyControls.framework in Frameworks */,
			);
			runOnlyForDeploymentPostprocessing = 0;
		};
		AA000008AA000008AA000008 /* Frameworks */ = {
			isa = PBXFrameworksBuildPhase;
			buildActionMask = 2147483647;
			files = (
				AA000002AA000002AA000002 /* FamilyControls.framework in Frameworks */,
			);
			runOnlyForDeploymentPostprocessing = 0;
		};
		AB100008AB100008AB100008 /* Frameworks */ = {
			isa = PBXFrameworksBuildPhase;
			buildActionMask = 2147483647;
			files = (
			);
			runOnlyForDeploymentPostprocessing = 0;
		};
		BFD33EBF2F27DF8100D93897 /* Frameworks */ = {
			isa = PBXFrameworksBuildPhase;
			buildActionMask = 2147483647;
			files = (
				BF76276B2F49170700984E8E /* HealthKit.framework in Frameworks */,
				BF53DC452F49D20100423F77 /* FamilyControls.framework in Frameworks */,
				BF76276D2F49170F00984E8E /* HealthKitUI.framework in Frameworks */,
				BF9000022F70000100984E8E /* Speech.framework in Frameworks */,
				BF53DC472F49D20600423F77 /* ScreenTime.framework in Frameworks */,
			);
			runOnlyForDeploymentPostprocessing = 0;
		};
/* End PBXFrameworksBuildPhase section */

/* Begin PBXGroup section */
		BF2850592F4F74CA002DBFA0 /* Recovered References */ = {
			isa = PBXGroup;
			children = (
				AB100005AB100005AB100005 /* SharedStressData.swift */,
				F7FA0001F7FA0001F7FA0001 /* FastingActivityAttributes.swift */,
				F7BA0001F7BA0001F7BA0001 /* BreathingActivityAttributes.swift */,
			);
			name = "Recovered References";
			sourceTree = "<group>";
		};
		BF7627692F49170700984E8E /* Frameworks */ = {
			isa = PBXGroup;
			children = (
				BF53DC462F49D20600423F77 /* ScreenTime.framework */,
				BF53DC442F49D20100423F77 /* FamilyControls.framework */,
				BF76276C2F49170F00984E8E /* HealthKitUI.framework */,
				BF76276A2F49170700984E8E /* HealthKit.framework */,
				BF9000012F70000100984E8E /* Speech.framework */,
			);
			name = Frameworks;
			sourceTree = "<group>";
		};
		BFD33EB92F27DF8100D93897 = {
			isa = PBXGroup;
			children = (
				BFD33EC42F27DF8100D93897 /* WellPlate */,
				AA000005AA000005AA000005 /* ScreenTimeMonitor */,
				AA000006AA000006AA000006 /* ScreenTimeReport */,
				AB100007AB100007AB100007 /* WellPlateWidget */,
				BF7627692F49170700984E8E /* Frameworks */,
				BFD33EC32F27DF8100D93897 /* Products */,
				BF2850592F4F74CA002DBFA0 /* Recovered References */,
			);
			sourceTree = "<group>";
		};
		BFD33EC32F27DF8100D93897 /* Products */ = {
			isa = PBXGroup;
			children = (
				BFD33EC22F27DF8100D93897 /* WellPlate.app */,
				AA000003AA000003AA000003 /* ScreenTimeMonitor.appex */,
				AA000004AA000004AA000004 /* ScreenTimeReport.appex */,
				AB100004AB100004AB100004 /* WellPlateWidget.appex */,
			);
			name = Products;
			sourceTree = "<group>";
		};
/* End PBXGroup section */

/* Begin PBXNativeTarget section */
		AA000015AA000015AA000015 /* ScreenTimeMonitor */ = {
			isa = PBXNativeTarget;
			buildConfigurationList = AA000020AA000020AA000020 /* Build configuration list for PBXNativeTarget "ScreenTimeMonitor" */;
			buildPhases = (
				AA000016AA000016AA000016 /* Sources */,
				AA000007AA000007AA000007 /* Frameworks */,
				AA000017AA000017AA000017 /* Resources */,
			);
			buildRules = (
			);
			dependencies = (
			);
			fileSystemSynchronizedGroups = (
				AA000005AA000005AA000005 /* ScreenTimeMonitor */,
			);
			name = ScreenTimeMonitor;
			packageProductDependencies = (
			);
			productName = ScreenTimeMonitor;
			productReference = AA000003AA000003AA000003 /* ScreenTimeMonitor.appex */;
			productType = "com.apple.product-type.app-extension";
		};
		AA000018AA000018AA000018 /* ScreenTimeReport */ = {
			isa = PBXNativeTarget;
			buildConfigurationList = AA000021AA000021AA000021 /* Build configuration list for PBXNativeTarget "ScreenTimeReport" */;
			buildPhases = (
				AA000019AA000019AA000019 /* Sources */,
				AA000008AA000008AA000008 /* Frameworks */,
				AA00001AAA00001AAA00001A /* Resources */,
			);
			buildRules = (
			);
			dependencies = (
			);
			fileSystemSynchronizedGroups = (
				AA000006AA000006AA000006 /* ScreenTimeReport */,
			);
			name = ScreenTimeReport;
			packageProductDependencies = (
			);
			productName = ScreenTimeReport;
			productReference = AA000004AA000004AA000004 /* ScreenTimeReport.appex */;
			productType = "com.apple.product-type.app-extension";
		};
		AB100009AB100009AB100009 /* WellPlateWidget */ = {
			isa = PBXNativeTarget;
			buildConfigurationList = AB100015AB100015AB100015 /* Build configuration list for PBXNativeTarget "WellPlateWidget" */;
			buildPhases = (
				AB100011AB100011AB100011 /* Sources */,
				AB100008AB100008AB100008 /* Frameworks */,
				AB100010AB100010AB100010 /* Resources */,
			);
			buildRules = (
			);
			dependencies = (
			);
			fileSystemSynchronizedGroups = (
				AB100007AB100007AB100007 /* WellPlateWidget */,
			);
			name = WellPlateWidget;
			packageProductDependencies = (
			);
			productName = WellPlateWidget;
			productReference = AB100004AB100004AB100004 /* WellPlateWidget.appex */;
			productType = "com.apple.product-type.app-extension";
		};
		BFD33EC12F27DF8100D93897 /* WellPlate */ = {
			isa = PBXNativeTarget;
			buildConfigurationList = BFD33ECD2F27DF8200D93897 /* Build configuration list for PBXNativeTarget "WellPlate" */;
			buildPhases = (
				BFD33EBE2F27DF8100D93897 /* Sources */,
				BFD33EBF2F27DF8100D93897 /* Frameworks */,
				BFD33EC02F27DF8100D93897 /* Resources */,
				AA000012AA000012AA000012 /* Embed Foundation Extensions */,
			);
			buildRules = (
			);
			dependencies = (
				AA000013AA000013AA000013 /* PBXTargetDependency */,
				AA000014AA000014AA000014 /* PBXTargetDependency */,
				AB100012AB100012AB100012 /* PBXTargetDependency */,
			);
			fileSystemSynchronizedGroups = (
				BFD33EC42F27DF8100D93897 /* WellPlate */,
			);
			name = WellPlate;
			packageProductDependencies = (
			);
			productName = WellPlate;
			productReference = BFD33EC22F27DF8100D93897 /* WellPlate.app */;
			productType = "com.apple.product-type.application";
		};
/* End PBXNativeTarget section */

/* Begin PBXProject section */
		BFD33EBA2F27DF8100D93897 /* Project object */ = {
			isa = PBXProject;
			attributes = {
				BuildIndependentTargetsInParallel = 1;
				LastSwiftUpdateCheck = 2610;
				LastUpgradeCheck = 2610;
				TargetAttributes = {
					AA000015AA000015AA000015 = {
						CreatedOnToolsVersion = 26.1.1;
					};
					AA000018AA000018AA000018 = {
						CreatedOnToolsVersion = 26.1.1;
					};
					AB100009AB100009AB100009 = {
						CreatedOnToolsVersion = 26.1.1;
					};
					BFD33EC12F27DF8100D93897 = {
						CreatedOnToolsVersion = 26.1.1;
					};
				};
			};
			buildConfigurationList = BFD33EBD2F27DF8100D93897 /* Build configuration list for PBXProject "WellPlate" */;
			developmentRegion = en;
			hasScannedForEncodings = 0;
			knownRegions = (
				en,
				Base,
			);
			mainGroup = BFD33EB92F27DF8100D93897;
			minimizedProjectReferenceProxies = 1;
			preferredProjectObjectVersion = 77;
			productRefGroup = BFD33EC32F27DF8100D93897 /* Products */;
			projectDirPath = "";
			projectRoot = "";
			targets = (
				BFD33EC12F27DF8100D93897 /* WellPlate */,
				AA000015AA000015AA000015 /* ScreenTimeMonitor */,
				AA000018AA000018AA000018 /* ScreenTimeReport */,
				AB100009AB100009AB100009 /* WellPlateWidget */,
			);
		};
/* End PBXProject section */

/* Begin PBXResourcesBuildPhase section */
		AA000017AA000017AA000017 /* Resources */ = {
			isa = PBXResourcesBuildPhase;
			buildActionMask = 2147483647;
			files = (
			);
			runOnlyForDeploymentPostprocessing = 0;
		};
		AA00001AAA00001AAA00001A /* Resources */ = {
			isa = PBXResourcesBuildPhase;
			buildActionMask = 2147483647;
			files = (
			);
			runOnlyForDeploymentPostprocessing = 0;
		};
		AB100010AB100010AB100010 /* Resources */ = {
			isa = PBXResourcesBuildPhase;
			buildActionMask = 2147483647;
			files = (
			);
			runOnlyForDeploymentPostprocessing = 0;
		};
		BFD33EC02F27DF8100D93897 /* Resources */ = {
			isa = PBXResourcesBuildPhase;
			buildActionMask = 2147483647;
			files = (
			);
			runOnlyForDeploymentPostprocessing = 0;
		};
/* End PBXResourcesBuildPhase section */

/* Begin PBXSourcesBuildPhase section */
		AA000016AA000016AA000016 /* Sources */ = {
			isa = PBXSourcesBuildPhase;
			buildActionMask = 2147483647;
			files = (
			);
			runOnlyForDeploymentPostprocessing = 0;
		};
		AA000019AA000019AA000019 /* Sources */ = {
			isa = PBXSourcesBuildPhase;
			buildActionMask = 2147483647;
			files = (
			);
			runOnlyForDeploymentPostprocessing = 0;
		};
		AB100011AB100011AB100011 /* Sources */ = {
			isa = PBXSourcesBuildPhase;
			buildActionMask = 2147483647;
			files = (
				AB100002AB100002AB100002 /* SharedStressData.swift in Sources */,
				F7FA0002F7FA0002F7FA0002 /* FastingActivityAttributes.swift in Sources */,
				F7BA0002F7BA0002F7BA0002 /* BreathingActivityAttributes.swift in Sources */,
			);
			runOnlyForDeploymentPostprocessing = 0;
		};
		BFD33EBE2F27DF8100D93897 /* Sources */ = {
			isa = PBXSourcesBuildPhase;
			buildActionMask = 2147483647;
			files = (
			);
			runOnlyForDeploymentPostprocessing = 0;
		};
/* End PBXSourcesBuildPhase section */

/* Begin PBXTargetDependency section */
		AA000013AA000013AA000013 /* PBXTargetDependency */ = {
			isa = PBXTargetDependency;
			target = AA000015AA000015AA000015 /* ScreenTimeMonitor */;
			targetProxy = AA00001BAA00001BAA00001B /* PBXContainerItemProxy */;
		};
		AA000014AA000014AA000014 /* PBXTargetDependency */ = {
			isa = PBXTargetDependency;
			target = AA000018AA000018AA000018 /* ScreenTimeReport */;
			targetProxy = AA00001CAA00001CAA00001C /* PBXContainerItemProxy */;
		};
		AB100012AB100012AB100012 /* PBXTargetDependency */ = {
			isa = PBXTargetDependency;
			target = AB100009AB100009AB100009 /* WellPlateWidget */;
			targetProxy = AB100003AB100003AB100003 /* PBXContainerItemProxy */;
		};
/* End PBXTargetDependency section */

/* Begin XCBuildConfiguration section */
		AA000022AA000022AA000022 /* Debug */ = {
			isa = XCBuildConfiguration;
			buildSettings = {
				CODE_SIGN_ENTITLEMENTS = ScreenTimeMonitor/ScreenTimeMonitor.entitlements;
				CODE_SIGN_STYLE = Automatic;
				CURRENT_PROJECT_VERSION = 1;
				DEVELOPMENT_TEAM = 26HBC2PDLM;
				GENERATE_INFOPLIST_FILE = YES;
				INFOPLIST_FILE = ScreenTimeMonitor/Info.plist;
				IPHONEOS_DEPLOYMENT_TARGET = 18.6;
				LD_RUNPATH_SEARCH_PATHS = (
					"$(inherited)",
					"@executable_path/Frameworks",
					"@executable_path/../../Frameworks",
				);
				MARKETING_VERSION = 1.0;
				PRODUCT_BUNDLE_IDENTIFIER = com.hariom.wellplate.ScreenTimeMonitor;
				PRODUCT_NAME = "$(TARGET_NAME)";
				SKIP_INSTALL = YES;
				SWIFT_VERSION = 5.0;
				TARGETED_DEVICE_FAMILY = "1,2";
			};
			name = Debug;
		};
		AA000023AA000023AA000023 /* Release */ = {
			isa = XCBuildConfiguration;
			buildSettings = {
				CODE_SIGN_ENTITLEMENTS = ScreenTimeMonitor/ScreenTimeMonitor.entitlements;
				CODE_SIGN_STYLE = Automatic;
				CURRENT_PROJECT_VERSION = 1;
				DEVELOPMENT_TEAM = 26HBC2PDLM;
				GENERATE_INFOPLIST_FILE = YES;
				INFOPLIST_FILE = ScreenTimeMonitor/Info.plist;
				IPHONEOS_DEPLOYMENT_TARGET = 18.6;
				LD_RUNPATH_SEARCH_PATHS = (
					"$(inherited)",
					"@executable_path/Frameworks",
					"@executable_path/../../Frameworks",
				);
				MARKETING_VERSION = 1.0;
				PRODUCT_BUNDLE_IDENTIFIER = com.hariom.wellplate.ScreenTimeMonitor;
				PRODUCT_NAME = "$(TARGET_NAME)";
				SKIP_INSTALL = YES;
				SWIFT_VERSION = 5.0;
				TARGETED_DEVICE_FAMILY = "1,2";
			};
			name = Release;
		};
		AA000024AA000024AA000024 /* Debug */ = {
			isa = XCBuildConfiguration;
			buildSettings = {
				CODE_SIGN_ENTITLEMENTS = ScreenTimeReport/ScreenTimeReport.entitlements;
				CODE_SIGN_STYLE = Automatic;
				CURRENT_PROJECT_VERSION = 1;
				DEVELOPMENT_TEAM = 26HBC2PDLM;
				GENERATE_INFOPLIST_FILE = YES;
				INFOPLIST_FILE = ScreenTimeReport/Info.plist;
				IPHONEOS_DEPLOYMENT_TARGET = 18.6;
				LD_RUNPATH_SEARCH_PATHS = (
					"$(inherited)",
					"@executable_path/Frameworks",
					"@executable_path/../../Frameworks",
				);
				MARKETING_VERSION = 1.0;
				PRODUCT_BUNDLE_IDENTIFIER = com.hariom.wellplate.ScreenTimeReport;
				PRODUCT_NAME = "$(TARGET_NAME)";
				SKIP_INSTALL = YES;
				SWIFT_VERSION = 5.0;
				TARGETED_DEVICE_FAMILY = "1,2";
			};
			name = Debug;
		};
		AA000025AA000025AA000025 /* Release */ = {
			isa = XCBuildConfiguration;
			buildSettings = {
				CODE_SIGN_ENTITLEMENTS = ScreenTimeReport/ScreenTimeReport.entitlements;
				CODE_SIGN_STYLE = Automatic;
				CURRENT_PROJECT_VERSION = 1;
				DEVELOPMENT_TEAM = 26HBC2PDLM;
				GENERATE_INFOPLIST_FILE = YES;
				INFOPLIST_FILE = ScreenTimeReport/Info.plist;
				IPHONEOS_DEPLOYMENT_TARGET = 18.6;
				LD_RUNPATH_SEARCH_PATHS = (
					"$(inherited)",
					"@executable_path/Frameworks",
					"@executable_path/../../Frameworks",
				);
				MARKETING_VERSION = 1.0;
				PRODUCT_BUNDLE_IDENTIFIER = com.hariom.wellplate.ScreenTimeReport;
				PRODUCT_NAME = "$(TARGET_NAME)";
				SKIP_INSTALL = YES;
				SWIFT_VERSION = 5.0;
				TARGETED_DEVICE_FAMILY = "1,2";
			};
			name = Release;
		};
		AB100013AB100013AB100013 /* Debug */ = {
			isa = XCBuildConfiguration;
			buildSettings = {
				CODE_SIGN_ENTITLEMENTS = WellPlateWidget/WellPlateWidget.entitlements;
				CODE_SIGN_STYLE = Automatic;
				CURRENT_PROJECT_VERSION = 1;
				DEVELOPMENT_TEAM = 26HBC2PDLM;
				GENERATE_INFOPLIST_FILE = NO;
				INFOPLIST_FILE = WellPlateWidget/Info.plist;
				IPHONEOS_DEPLOYMENT_TARGET = 18.6;
				LD_RUNPATH_SEARCH_PATHS = (
					"$(inherited)",
					"@executable_path/Frameworks",
					"@executable_path/../../Frameworks",
				);
				MARKETING_VERSION = 1.0;
				PRODUCT_BUNDLE_IDENTIFIER = com.hariom.wellplate.WellPlateWidget;
				PRODUCT_NAME = "$(TARGET_NAME)";
				SKIP_INSTALL = YES;
				SWIFT_VERSION = 5.0;
				TARGETED_DEVICE_FAMILY = "1,2";
			};
			name = Debug;
		};
		AB100014AB100014AB100014 /* Release */ = {
			isa = XCBuildConfiguration;
			buildSettings = {
				CODE_SIGN_ENTITLEMENTS = WellPlateWidget/WellPlateWidget.entitlements;
				CODE_SIGN_STYLE = Automatic;
				CURRENT_PROJECT_VERSION = 1;
				DEVELOPMENT_TEAM = 26HBC2PDLM;
				GENERATE_INFOPLIST_FILE = NO;
				INFOPLIST_FILE = WellPlateWidget/Info.plist;
				IPHONEOS_DEPLOYMENT_TARGET = 18.6;
				LD_RUNPATH_SEARCH_PATHS = (
					"$(inherited)",
					"@executable_path/Frameworks",
					"@executable_path/../../Frameworks",
				);
				MARKETING_VERSION = 1.0;
				PRODUCT_BUNDLE_IDENTIFIER = com.hariom.wellplate.WellPlateWidget;
				PRODUCT_NAME = "$(TARGET_NAME)";
				SKIP_INSTALL = YES;
				SWIFT_VERSION = 5.0;
				TARGETED_DEVICE_FAMILY = "1,2";
			};
			name = Release;
		};
		BFD33ECB2F27DF8200D93897 /* Debug */ = {
			isa = XCBuildConfiguration;
			buildSettings = {
				ALWAYS_SEARCH_USER_PATHS = NO;
				ASSETCATALOG_COMPILER_GENERATE_SWIFT_ASSET_SYMBOL_EXTENSIONS = YES;
				CLANG_ANALYZER_NONNULL = YES;
				CLANG_ANALYZER_NUMBER_OBJECT_CONVERSION = YES_AGGRESSIVE;
				CLANG_CXX_LANGUAGE_STANDARD = "gnu++20";
				CLANG_ENABLE_MODULES = YES;
				CLANG_ENABLE_OBJC_ARC = YES;
				CLANG_ENABLE_OBJC_WEAK = YES;
				CLANG_WARN_BLOCK_CAPTURE_AUTORELEASING = YES;
				CLANG_WARN_BOOL_CONVERSION = YES;
				CLANG_WARN_COMMA = YES;
				CLANG_WARN_CONSTANT_CONVERSION = YES;
				CLANG_WARN_DEPRECATED_OBJC_IMPLEMENTATIONS = YES;
				CLANG_WARN_DIRECT_OBJC_ISA_USAGE = YES_ERROR;
				CLANG_WARN_DOCUMENTATION_COMMENTS = YES;
				CLANG_WARN_EMPTY_BODY = YES;
				CLANG_WARN_ENUM_CONVERSION = YES;
				CLANG_WARN_INFINITE_RECURSION = YES;
				CLANG_WARN_INT_CONVERSION = YES;
				CLANG_WARN_NON_LITERAL_NULL_CONVERSION = YES;
				CLANG_WARN_OBJC_IMPLICIT_RETAIN_SELF = YES;
				CLANG_WARN_OBJC_LITERAL_CONVERSION = YES;
				CLANG_WARN_OBJC_ROOT_CLASS = YES_ERROR;
				CLANG_WARN_QUOTED_INCLUDE_IN_FRAMEWORK_HEADER = YES;
				CLANG_WARN_RANGE_LOOP_ANALYSIS = YES;
				CLANG_WARN_STRICT_PROTOTYPES = YES;
				CLANG_WARN_SUSPICIOUS_MOVE = YES;
				CLANG_WARN_UNGUARDED_AVAILABILITY = YES_AGGRESSIVE;
				CLANG_WARN_UNREACHABLE_CODE = YES;
				CLANG_WARN__DUPLICATE_METHOD_MATCH = YES;
				COPY_PHASE_STRIP = NO;
				DEBUG_INFORMATION_FORMAT = dwarf;
				DEVELOPMENT_TEAM = 26HBC2PDLM;
				ENABLE_STRICT_OBJC_MSGSEND = YES;
				ENABLE_TESTABILITY = YES;
				ENABLE_USER_SCRIPT_SANDBOXING = YES;
				GCC_C_LANGUAGE_STANDARD = gnu17;
				GCC_DYNAMIC_NO_PIC = NO;
				GCC_NO_COMMON_BLOCKS = YES;
				GCC_OPTIMIZATION_LEVEL = 0;
				GCC_PREPROCESSOR_DEFINITIONS = (
					"DEBUG=1",
					"$(inherited)",
				);
				GCC_WARN_64_TO_32_BIT_CONVERSION = YES;
				GCC_WARN_ABOUT_RETURN_TYPE = YES_ERROR;
				GCC_WARN_UNDECLARED_SELECTOR = YES;
				GCC_WARN_UNINITIALIZED_AUTOS = YES_AGGRESSIVE;
				GCC_WARN_UNUSED_FUNCTION = YES;
				GCC_WARN_UNUSED_VARIABLE = YES;
				IPHONEOS_DEPLOYMENT_TARGET = 26.1;
				LOCALIZATION_PREFERS_STRING_CATALOGS = YES;
				MTL_ENABLE_DEBUG_INFO = INCLUDE_SOURCE;
				MTL_FAST_MATH = YES;
				ONLY_ACTIVE_ARCH = YES;
				SDKROOT = iphoneos;
				SWIFT_ACTIVE_COMPILATION_CONDITIONS = "DEBUG $(inherited)";
				SWIFT_OPTIMIZATION_LEVEL = "-Onone";
			};
			name = Debug;
		};
		BFD33ECC2F27DF8200D93897 /* Release */ = {
			isa = XCBuildConfiguration;
			buildSettings = {
				ALWAYS_SEARCH_USER_PATHS = NO;
				ASSETCATALOG_COMPILER_GENERATE_SWIFT_ASSET_SYMBOL_EXTENSIONS = YES;
				CLANG_ANALYZER_NONNULL = YES;
				CLANG_ANALYZER_NUMBER_OBJECT_CONVERSION = YES_AGGRESSIVE;
				CLANG_CXX_LANGUAGE_STANDARD = "gnu++20";
				CLANG_ENABLE_MODULES = YES;
				CLANG_ENABLE_OBJC_ARC = YES;
				CLANG_ENABLE_OBJC_WEAK = YES;
				CLANG_WARN_BLOCK_CAPTURE_AUTORELEASING = YES;
				CLANG_WARN_BOOL_CONVERSION = YES;
				CLANG_WARN_COMMA = YES;
				CLANG_WARN_CONSTANT_CONVERSION = YES;
				CLANG_WARN_DEPRECATED_OBJC_IMPLEMENTATIONS = YES;
				CLANG_WARN_DIRECT_OBJC_ISA_USAGE = YES_ERROR;
				CLANG_WARN_DOCUMENTATION_COMMENTS = YES;
				CLANG_WARN_EMPTY_BODY = YES;
				CLANG_WARN_ENUM_CONVERSION = YES;
				CLANG_WARN_INFINITE_RECURSION = YES;
				CLANG_WARN_INT_CONVERSION = YES;
				CLANG_WARN_NON_LITERAL_NULL_CONVERSION = YES;
				CLANG_WARN_OBJC_IMPLICIT_RETAIN_SELF = YES;
				CLANG_WARN_OBJC_LITERAL_CONVERSION = YES;
				CLANG_WARN_OBJC_ROOT_CLASS = YES_ERROR;
				CLANG_WARN_QUOTED_INCLUDE_IN_FRAMEWORK_HEADER = YES;
				CLANG_WARN_RANGE_LOOP_ANALYSIS = YES;
				CLANG_WARN_STRICT_PROTOTYPES = YES;
				CLANG_WARN_SUSPICIOUS_MOVE = YES;
				CLANG_WARN_UNGUARDED_AVAILABILITY = YES_AGGRESSIVE;
				CLANG_WARN_UNREACHABLE_CODE = YES;
				CLANG_WARN__DUPLICATE_METHOD_MATCH = YES;
				COPY_PHASE_STRIP = NO;
				DEBUG_INFORMATION_FORMAT = "dwarf-with-dsym";
				DEVELOPMENT_TEAM = 26HBC2PDLM;
				ENABLE_NS_ASSERTIONS = NO;
				ENABLE_STRICT_OBJC_MSGSEND = YES;
				ENABLE_USER_SCRIPT_SANDBOXING = YES;
				GCC_C_LANGUAGE_STANDARD = gnu17;
				GCC_NO_COMMON_BLOCKS = YES;
				GCC_WARN_64_TO_32_BIT_CONVERSION = YES;
				GCC_WARN_ABOUT_RETURN_TYPE = YES_ERROR;
				GCC_WARN_UNDECLARED_SELECTOR = YES;
				GCC_WARN_UNINITIALIZED_AUTOS = YES_AGGRESSIVE;
				GCC_WARN_UNUSED_FUNCTION = YES;
				GCC_WARN_UNUSED_VARIABLE = YES;
				IPHONEOS_DEPLOYMENT_TARGET = 26.1;
				LOCALIZATION_PREFERS_STRING_CATALOGS = YES;
				MTL_ENABLE_DEBUG_INFO = NO;
				MTL_FAST_MATH = YES;
				SDKROOT = iphoneos;
				SWIFT_COMPILATION_MODE = wholemodule;
				VALIDATE_PRODUCT = YES;
			};
			name = Release;
		};
		BFD33ECE2F27DF8200D93897 /* Debug */ = {
			isa = XCBuildConfiguration;
			buildSettings = {
				ASSETCATALOG_COMPILER_APPICON_NAME = AppIcon;
				ASSETCATALOG_COMPILER_GLOBAL_ACCENT_COLOR_NAME = AccentColor;
				CODE_SIGN_ENTITLEMENTS = WellPlate/WellPlate.entitlements;
				CODE_SIGN_STYLE = Automatic;
				CURRENT_PROJECT_VERSION = 1;
				DEVELOPMENT_TEAM = 26HBC2PDLM;
				ENABLE_PREVIEWS = YES;
				GENERATE_INFOPLIST_FILE = YES;
				INFOPLIST_KEY_CFBundleURLTypes_0_CFBundleTypeRole = Editor;
				INFOPLIST_KEY_CFBundleURLTypes_0_CFBundleURLName = wellplate;
				INFOPLIST_KEY_CFBundleURLTypes_0_CFBundleURLSchemes_0 = wellplate;
				INFOPLIST_KEY_NSCameraUsageDescription = "We need camera to click pictures Please allow it.";
				INFOPLIST_KEY_NSHealthClinicalHealthRecordsShareUsageDescription = "Please allow this to fetch your health data in this app";
				INFOPLIST_KEY_NSHealthShareUsageDescription = "WellPlate reads your activity, health, and mood data to show wellness insights alongside your nutrition.";
				INFOPLIST_KEY_NSHealthUpdateUsageDescription = "WellPlate saves your daily mood check-in to Apple Health so it stays in sync with your other health data.";
				INFOPLIST_KEY_NSMicrophoneUsageDescription = "WellPlate uses the microphone so you can speak meal entries instead of typing them.";
				INFOPLIST_KEY_NSPhotoLibraryAddUsageDescription = "Please allow library access to pick photos";
				INFOPLIST_KEY_NSPhotoLibraryUsageDescription = "We need permission to access photos";
				INFOPLIST_KEY_NSSpeechRecognitionUsageDescription = "WellPlate converts your speech into text to help you log meals faster.";
				INFOPLIST_KEY_UIApplicationSceneManifest_Generation = YES;
				INFOPLIST_KEY_UIApplicationSupportsIndirectInputEvents = YES;
				INFOPLIST_KEY_NSSupportsLiveActivities = YES;
				INFOPLIST_KEY_UILaunchScreen_Generation = YES;
				INFOPLIST_KEY_UISupportedInterfaceOrientations_iPad = "UIInterfaceOrientationPortrait UIInterfaceOrientationPortraitUpsideDown UIInterfaceOrientationLandscapeLeft UIInterfaceOrientationLandscapeRight";
				INFOPLIST_KEY_UISupportedInterfaceOrientations_iPhone = "UIInterfaceOrientationPortrait UIInterfaceOrientationLandscapeLeft UIInterfaceOrientationLandscapeRight";
				IPHONEOS_DEPLOYMENT_TARGET = 18.6;
				LD_RUNPATH_SEARCH_PATHS = (
					"$(inherited)",
					"@executable_path/Frameworks",
				);
				MARKETING_VERSION = 1.0;
				PRODUCT_BUNDLE_IDENTIFIER = com.hariom.wellplate;
				PRODUCT_NAME = "$(TARGET_NAME)";
				STRING_CATALOG_GENERATE_SYMBOLS = YES;
				SUPPORTED_PLATFORMS = "iphoneos iphonesimulator";
				SUPPORTS_MACCATALYST = NO;
				SUPPORTS_MAC_DESIGNED_FOR_IPHONE_IPAD = NO;
				SUPPORTS_XR_DESIGNED_FOR_IPHONE_IPAD = NO;
				SWIFT_APPROACHABLE_CONCURRENCY = YES;
				SWIFT_DEFAULT_ACTOR_ISOLATION = MainActor;
				SWIFT_EMIT_LOC_STRINGS = YES;
				SWIFT_UPCOMING_FEATURE_MEMBER_IMPORT_VISIBILITY = YES;
				SWIFT_VERSION = 5.0;
				TARGETED_DEVICE_FAMILY = "1,2";
			};
			name = Debug;
		};
		BFD33ECF2F27DF8200D93897 /* Release */ = {
			isa = XCBuildConfiguration;
			buildSettings = {
				ASSETCATALOG_COMPILER_APPICON_NAME = AppIcon;
				ASSETCATALOG_COMPILER_GLOBAL_ACCENT_COLOR_NAME = AccentColor;
				CODE_SIGN_ENTITLEMENTS = WellPlate/WellPlate.entitlements;
				CODE_SIGN_STYLE = Automatic;
				CURRENT_PROJECT_VERSION = 1;
				DEVELOPMENT_TEAM = 26HBC2PDLM;
				ENABLE_PREVIEWS = YES;
				GENERATE_INFOPLIST_FILE = YES;
				INFOPLIST_KEY_CFBundleURLTypes_0_CFBundleTypeRole = Editor;
				INFOPLIST_KEY_CFBundleURLTypes_0_CFBundleURLName = wellplate;
				INFOPLIST_KEY_CFBundleURLTypes_0_CFBundleURLSchemes_0 = wellplate;
				INFOPLIST_KEY_NSCameraUsageDescription = "We need camera to click pictures Please allow it.";
				INFOPLIST_KEY_NSHealthClinicalHealthRecordsShareUsageDescription = "Please allow this to fetch your health data in this app";
				INFOPLIST_KEY_NSHealthShareUsageDescription = "WellPlate reads your activity, health, and mood data to show wellness insights alongside your nutrition.";
				INFOPLIST_KEY_NSHealthUpdateUsageDescription = "WellPlate saves your daily mood check-in to Apple Health so it stays in sync with your other health data.";
				INFOPLIST_KEY_NSMicrophoneUsageDescription = "WellPlate uses the microphone so you can speak meal entries instead of typing them.";
				INFOPLIST_KEY_NSPhotoLibraryAddUsageDescription = "Please allow library access to pick photos";
				INFOPLIST_KEY_NSPhotoLibraryUsageDescription = "We need permission to access photos";
				INFOPLIST_KEY_NSSpeechRecognitionUsageDescription = "WellPlate converts your speech into text to help you log meals faster.";
				INFOPLIST_KEY_NSSupportsLiveActivities = YES;
				INFOPLIST_KEY_UIApplicationSceneManifest_Generation = YES;
				INFOPLIST_KEY_UIApplicationSupportsIndirectInputEvents = YES;
				INFOPLIST_KEY_UILaunchScreen_Generation = YES;
				INFOPLIST_KEY_UISupportedInterfaceOrientations_iPad = "UIInterfaceOrientationPortrait UIInterfaceOrientationPortraitUpsideDown UIInterfaceOrientationLandscapeLeft UIInterfaceOrientationLandscapeRight";
				INFOPLIST_KEY_UISupportedInterfaceOrientations_iPhone = "UIInterfaceOrientationPortrait UIInterfaceOrientationLandscapeLeft UIInterfaceOrientationLandscapeRight";
				IPHONEOS_DEPLOYMENT_TARGET = 18.6;
				LD_RUNPATH_SEARCH_PATHS = (
					"$(inherited)",
					"@executable_path/Frameworks",
				);
				MARKETING_VERSION = 1.0;
				PRODUCT_BUNDLE_IDENTIFIER = com.hariom.wellplate;
				PRODUCT_NAME = "$(TARGET_NAME)";
				STRING_CATALOG_GENERATE_SYMBOLS = YES;
				SUPPORTED_PLATFORMS = "iphoneos iphonesimulator";
				SUPPORTS_MACCATALYST = NO;
				SUPPORTS_MAC_DESIGNED_FOR_IPHONE_IPAD = NO;
				SUPPORTS_XR_DESIGNED_FOR_IPHONE_IPAD = NO;
				SWIFT_APPROACHABLE_CONCURRENCY = YES;
				SWIFT_DEFAULT_ACTOR_ISOLATION = MainActor;
				SWIFT_EMIT_LOC_STRINGS = YES;
				SWIFT_UPCOMING_FEATURE_MEMBER_IMPORT_VISIBILITY = YES;
				SWIFT_VERSION = 5.0;
				TARGETED_DEVICE_FAMILY = "1,2";
			};
			name = Release;
		};
/* End XCBuildConfiguration section */

/* Begin XCConfigurationList section */
		AA000020AA000020AA000020 /* Build configuration list for PBXNativeTarget "ScreenTimeMonitor" */ = {
			isa = XCConfigurationList;
			buildConfigurations = (
				AA000022AA000022AA000022 /* Debug */,
				AA000023AA000023AA000023 /* Release */,
			);
			defaultConfigurationIsVisible = 0;
			defaultConfigurationName = Release;
		};
		AA000021AA000021AA000021 /* Build configuration list for PBXNativeTarget "ScreenTimeReport" */ = {
			isa = XCConfigurationList;
			buildConfigurations = (
				AA000024AA000024AA000024 /* Debug */,
				AA000025AA000025AA000025 /* Release */,
			);
			defaultConfigurationIsVisible = 0;
			defaultConfigurationName = Release;
		};
		AB100015AB100015AB100015 /* Build configuration list for PBXNativeTarget "WellPlateWidget" */ = {
			isa = XCConfigurationList;
			buildConfigurations = (
				AB100013AB100013AB100013 /* Debug */,
				AB100014AB100014AB100014 /* Release */,
			);
			defaultConfigurationIsVisible = 0;
			defaultConfigurationName = Release;
		};
		BFD33EBD2F27DF8100D93897 /* Build configuration list for PBXProject "WellPlate" */ = {
			isa = XCConfigurationList;
			buildConfigurations = (
				BFD33ECB2F27DF8200D93897 /* Debug */,
				BFD33ECC2F27DF8200D93897 /* Release */,
			);
			defaultConfigurationIsVisible = 0;
			defaultConfigurationName = Release;
		};
		BFD33ECD2F27DF8200D93897 /* Build configuration list for PBXNativeTarget "WellPlate" */ = {
			isa = XCConfigurationList;
			buildConfigurations = (
				BFD33ECE2F27DF8200D93897 /* Debug */,
				BFD33ECF2F27DF8200D93897 /* Release */,
			);
			defaultConfigurationIsVisible = 0;
			defaultConfigurationName = Release;
		};
/* End XCConfigurationList section */
	};
	rootObject = BFD33EBA2F27DF8100D93897 /* Project object */;
}
